
Microsoft Visual Studio Solution File, Format Version 12.00
# Visual Studio 15
VisualStudioVersion = 15.0.28307.168
MinimumVisualStudioVersion = 10.0.40219.1
Project("{E24C65DC-7377-472B-9ABA-BC803B73C61A}") = "WebSoftTest", "WebSoftTest\", "{4952E3C4-FAF0-4266-9854-F8F93B427A5D}"
	ProjectSection(WebsiteProperties) = preProject
		TargetFrameworkMoniker = ".NETFramework,Version%3Dv4.6.1"
		Debug.AspNetCompiler.VirtualPath = "/localhost_51729"
		Debug.AspNetCompiler.PhysicalPath = "WebSoftTest\"
		Debug.AspNetCompiler.TargetPath = "PrecompiledWeb\localhost_51729\"
		Debug.AspNetCompiler.Updateable = "true"
		Debug.AspNetCompiler.ForceOverwrite = "true"
		Debug.AspNetCompiler.FixedNames = "false"
		Debug.AspNetCompiler.Debug = "True"
		Release.AspNetCompiler.VirtualPath = "/localhost_51729"
		Release.AspNetCompiler.PhysicalPath = "WebSoftTest\"
		Release.AspNetCompiler.TargetPath = "PrecompiledWeb\localhost_51729\"
		Release.AspNetCompiler.Updateable = "true"
		Release.AspNetCompiler.ForceOverwrite = "true"
		Release.AspNetCompiler.FixedNames = "false"
		Release.AspNetCompiler.Debug = "False"
		VWDPort = "51729"
		SlnRelativePath = "WebSoftTest\"
		DefaultWebSiteLanguage = "Visual C#"
	EndProjectSection
EndProject
Global
	GlobalSection(SolutionConfigurationPlatforms) = preSolution
		Debug|Any CPU = Debug|Any CPU
	EndGlobalSection
	GlobalSection(ProjectConfigurationPlatforms) = postSolution
		{4952E3C4-FAF0-4266-9854-F8F93B427A5D}.Debug|Any CPU.ActiveCfg = Debug|Any CPU
		{4952E3C4-FAF0-4266-9854-F8F93B427A5D}.Debug|Any CPU.Build.0 = Debug|Any CPU
	EndGlobalSection
	GlobalSection(SolutionProperties) = preSolution
		HideSolutionNode = FALSE
	EndGlobalSection
	GlobalSection(ExtensibilityGlobals) = postSolution
		SolutionGuid = {FE5FB86C-2976-4BF5-A2D3-796DD393EC52}
	EndGlobalSection
EndGlobal
